
Microsoft Visual Studio Solution File, Format Version 12.00
# Visual Studio Version 17
VisualStudioVersion = 17.11.35327.3
MinimumVisualStudioVersion = 10.0.40219.1
Project("{FAE04EC0-301F-11D3-BF4B-00C04F79EFBC}") = "BudgetLife", "BudgetLife.csproj", "{43AD3DE4-A486-4F09-A763-52A767CFC533}"
EndProject
Global
	GlobalSection(SolutionConfigurationPlatforms) = preSolution
		Debug|Any CPU = Debug|Any CPU
		Release|Any CPU = Release|Any CPU
	EndGlobalSection
	GlobalSection(ProjectConfigurationPlatforms) = postSolution
		{43AD3DE4-A486-4F09-A763-52A767CFC533}.Debug|Any CPU.ActiveCfg = Debug|Any CPU
		{43AD3DE4-A486-4F09-A763-52A767CFC533}.Debug|Any CPU.Build.0 = Debug|Any CPU
		{43AD3DE4-A486-4F09-A763-52A767CFC533}.Release|Any CPU.ActiveCfg = Release|Any CPU
		{43AD3DE4-A486-4F09-A763-52A767CFC533}.Release|Any CPU.Build.0 = Release|Any CPU
	EndGlobalSection
	GlobalSection(SolutionProperties) = preSolution
		HideSolutionNode = FALSE
	EndGlobalSection
	GlobalSection(ExtensibilityGlobals) = postSolution
		SolutionGuid = {0AE87449-BD97-49AD-82BB-605F0BC054C2}
	EndGlobalSection
EndGlobal
